
Microsoft Visual Studio Solution File, Format Version 12.00
# Visual Studio 15
VisualStudioVersion = 15.0.28307.539
MinimumVisualStudioVersion = 10.0.40219.1
Project("{9A19103F-16F7-4668-BE54-9A1E7A4F7556}") = "Density-Succession", "Density-Succession.csproj", "{016B444C-1728-42BA-A6D5-1A4739EE0D17}"
EndProject
Global
	GlobalSection(SolutionConfigurationPlatforms) = preSolution
		Debug|Any CPU = Debug|Any CPU
		Release|Any CPU = Release|Any CPU
	EndGlobalSection
	GlobalSection(ProjectConfigurationPlatforms) = postSolution
		{016B444C-1728-42BA-A6D5-1A4739EE0D17}.Debug|Any CPU.ActiveCfg = Debug|Any CPU
		{016B444C-1728-42BA-A6D5-1A4739EE0D17}.Debug|Any CPU.Build.0 = Debug|Any CPU
		{016B444C-1728-42BA-A6D5-1A4739EE0D17}.Release|Any CPU.ActiveCfg = Release|Any CPU
		{016B444C-1728-42BA-A6D5-1A4739EE0D17}.Release|Any CPU.Build.0 = Release|Any CPU
	EndGlobalSection
	GlobalSection(SolutionProperties) = preSolution
		HideSolutionNode = FALSE
	EndGlobalSection
	GlobalSection(ExtensibilityGlobals) = postSolution
		SolutionGuid = {FD28CB63-6FAE-44E8-AD40-79805AD8FAE7}
	EndGlobalSection
EndGlobal
